
Microsoft Visual Studio Solution File, Format Version 12.00
# Visual Studio Version 16
VisualStudioVersion = 16.0.31410.357
MinimumVisualStudioVersion = 10.0.40219.1
Project("{FAE04EC0-301F-11D3-BF4B-00C04F79EFBC}") = "GoogleMap", "GoogleMap\GoogleMap.csproj", "{EE7E2755-45CC-43F6-9DDE-97FF7733DC74}"
EndProject
Global
	GlobalSection(SolutionConfigurationPlatforms) = preSolution
		Debug|Any CPU = Debug|Any CPU
		Release|Any CPU = Release|Any CPU
	EndGlobalSection
	GlobalSection(ProjectConfigurationPlatforms) = postSolution
		{EE7E2755-45CC-43F6-9DDE-97FF7733DC74}.Debug|Any CPU.ActiveCfg = Debug|Any CPU
		{EE7E2755-45CC-43F6-9DDE-97FF7733DC74}.Debug|Any CPU.Build.0 = Debug|Any CPU
		{EE7E2755-45CC-43F6-9DDE-97FF7733DC74}.Release|Any CPU.ActiveCfg = Release|Any CPU
		{EE7E2755-45CC-43F6-9DDE-97FF7733DC74}.Release|Any CPU.Build.0 = Release|Any CPU
	EndGlobalSection
	GlobalSection(SolutionProperties) = preSolution
		HideSolutionNode = FALSE
	EndGlobalSection
	GlobalSection(ExtensibilityGlobals) = postSolution
		SolutionGuid = {8D9CBA34-F6BD-46B9-AD86-B4B9C946FFEA}
	EndGlobalSection
EndGlobal
